
Microsoft Visual Studio Solution File, Format Version 12.00
# Visual Studio Version 17
VisualStudioVersion = 17.14.36705.20
MinimumVisualStudioVersion = 10.0.40219.1
Project("{FAE04EC0-301F-11D3-BF4B-00C04F79EFBC}") = "GestionMarche", "GestionMarche.csproj", "{A199DFF8-4F48-44D2-9527-B8006867B864}"
EndProject
Global
	GlobalSection(SolutionConfigurationPlatforms) = preSolution
		Debug|Any CPU = Debug|Any CPU
		Debug|x64 = Debug|x64
		Release|Any CPU = Release|Any CPU
		Release|x64 = Release|x64
	EndGlobalSection
	GlobalSection(ProjectConfigurationPlatforms) = postSolution
		{A199DFF8-4F48-44D2-9527-B8006867B864}.Debug|Any CPU.ActiveCfg = Debug|Any CPU
		{A199DFF8-4F48-44D2-9527-B8006867B864}.Debug|Any CPU.Build.0 = Debug|Any CPU
		{A199DFF8-4F48-44D2-9527-B8006867B864}.Debug|x64.ActiveCfg = Debug|x64
		{A199DFF8-4F48-44D2-9527-B8006867B864}.Debug|x64.Build.0 = Debug|x64
		{A199DFF8-4F48-44D2-9527-B8006867B864}.Release|Any CPU.ActiveCfg = Release|Any CPU
		{A199DFF8-4F48-44D2-9527-B8006867B864}.Release|Any CPU.Build.0 = Release|Any CPU
		{A199DFF8-4F48-44D2-9527-B8006867B864}.Release|x64.ActiveCfg = Release|x64
		{A199DFF8-4F48-44D2-9527-B8006867B864}.Release|x64.Build.0 = Release|x64
	EndGlobalSection
	GlobalSection(SolutionProperties) = preSolution
		HideSolutionNode = FALSE
	EndGlobalSection
	GlobalSection(ExtensibilityGlobals) = postSolution
		SolutionGuid = {233C7F0C-B02E-4097-A7B4-A1E7C639E5C0}
	EndGlobalSection
EndGlobal
